
Microsoft Visual Studio Solution File, Format Version 12.00
# Visual Studio Version 16
VisualStudioVersion = 16.0.29806.167
MinimumVisualStudioVersion = 10.0.40219.1
Project("{8BC9CEB8-8B4A-11D0-8D11-00A0C91BC942}") = "01_SDLStartup", "01_SDLStartup\01_SDLStartup.vcxproj", "{59D74477-8E3A-4553-83CD-4F6293730622}"
EndProject
Project("{8BC9CEB8-8B4A-11D0-8D11-00A0C91BC942}") = "02_OpenGLStartup", "02_OpenGLStartup\02_OpenGLStartup.vcxproj", "{B84AF6AF-75A8-4C5D-95C3-E94C6A3F7BD7}"
EndProject
Project("{8BC9CEB8-8B4A-11D0-8D11-00A0C91BC942}") = "03_OpenGLRendering", "03_OpenGLRendering\03_OpenGLRendering.vcxproj", "{16E8CF26-40C2-499B-A122-12B2B02D4DB8}"
EndProject
Project("{8BC9CEB8-8B4A-11D0-8D11-00A0C91BC942}") = "04_OpenGLRectangle", "04_OpenGLRectangle\04_OpenGLRectangle.vcxproj", "{C7718332-DBA4-4DDB-B3C4-05FDDF5AEE68}"
EndProject
Project("{8BC9CEB8-8B4A-11D0-8D11-00A0C91BC942}") = "05_RotatingRectangle", "05_RotatingRectangle\05_RotatingRectangle.vcxproj", "{85F7F208-406A-4AE8-B691-14EB174B33C0}"
EndProject
Project("{8BC9CEB8-8B4A-11D0-8D11-00A0C91BC942}") = "06_VertexArrayObject", "06_VertexArrayObject\06_VertexArrayObject.vcxproj", "{F91BAA0D-E6D6-4730-8B25-341E1C4FC4E3}"
EndProject
Project("{8BC9CEB8-8B4A-11D0-8D11-00A0C91BC942}") = "07_Shaders", "07_Shaders\07_Shaders.vcxproj", "{120166FF-247C-47B7-BFF4-6FDC073477F5}"
EndProject
Project("{8BC9CEB8-8B4A-11D0-8D11-00A0C91BC942}") = "08_Textures", "08_Textures\08_Textures.vcxproj", "{041C8180-3C72-4E78-9A2E-475296DC2F69}"
EndProject
Project("{8BC9CEB8-8B4A-11D0-8D11-00A0C91BC942}") = "09_MoreRotating", "09_MoreRotating\09_MoreRotating.vcxproj", "{29009726-60CA-469B-9F07-964133EFAA41}"
EndProject
Global
	GlobalSection(SolutionConfigurationPlatforms) = preSolution
		Debug|x64 = Debug|x64
		Debug|x86 = Debug|x86
		Release|x64 = Release|x64
		Release|x86 = Release|x86
	EndGlobalSection
	GlobalSection(ProjectConfigurationPlatforms) = postSolution
		{59D74477-8E3A-4553-83CD-4F6293730622}.Debug|x64.ActiveCfg = Debug|x64
		{59D74477-8E3A-4553-83CD-4F6293730622}.Debug|x64.Build.0 = Debug|x64
		{59D74477-8E3A-4553-83CD-4F6293730622}.Debug|x86.ActiveCfg = Debug|Win32
		{59D74477-8E3A-4553-83CD-4F6293730622}.Debug|x86.Build.0 = Debug|Win32
		{59D74477-8E3A-4553-83CD-4F6293730622}.Release|x64.ActiveCfg = Release|x64
		{59D74477-8E3A-4553-83CD-4F6293730622}.Release|x64.Build.0 = Release|x64
		{59D74477-8E3A-4553-83CD-4F6293730622}.Release|x86.ActiveCfg = Release|Win32
		{59D74477-8E3A-4553-83CD-4F6293730622}.Release|x86.Build.0 = Release|Win32
		{B84AF6AF-75A8-4C5D-95C3-E94C6A3F7BD7}.Debug|x64.ActiveCfg = Debug|x64
		{B84AF6AF-75A8-4C5D-95C3-E94C6A3F7BD7}.Debug|x64.Build.0 = Debug|x64
		{B84AF6AF-75A8-4C5D-95C3-E94C6A3F7BD7}.Debug|x86.ActiveCfg = Debug|Win32
		{B84AF6AF-75A8-4C5D-95C3-E94C6A3F7BD7}.Debug|x86.Build.0 = Debug|Win32
		{B84AF6AF-75A8-4C5D-95C3-E94C6A3F7BD7}.Release|x64.ActiveCfg = Release|x64
		{B84AF6AF-75A8-4C5D-95C3-E94C6A3F7BD7}.Release|x64.Build.0 = Release|x64
		{B84AF6AF-75A8-4C5D-95C3-E94C6A3F7BD7}.Release|x86.ActiveCfg = Release|Win32
		{B84AF6AF-75A8-4C5D-95C3-E94C6A3F7BD7}.Release|x86.Build.0 = Release|Win32
		{16E8CF26-40C2-499B-A122-12B2B02D4DB8}.Debug|x64.ActiveCfg = Debug|x64
		{16E8CF26-40C2-499B-A122-12B2B02D4DB8}.Debug|x64.Build.0 = Debug|x64
		{16E8CF26-40C2-499B-A122-12B2B02D4DB8}.Debug|x86.ActiveCfg = Debug|Win32
		{16E8CF26-40C2-499B-A122-12B2B02D4DB8}.Debug|x86.Build.0 = Debug|Win32
		{16E8CF26-40C2-499B-A122-12B2B02D4DB8}.Release|x64.ActiveCfg = Release|x64
		{16E8CF26-40C2-499B-A122-12B2B02D4DB8}.Release|x64.Build.0 = Release|x64
		{16E8CF26-40C2-499B-A122-12B2B02D4DB8}.Release|x86.ActiveCfg = Release|Win32
		{16E8CF26-40C2-499B-A122-12B2B02D4DB8}.Release|x86.Build.0 = Release|Win32
		{C7718332-DBA4-4DDB-B3C4-05FDDF5AEE68}.Debug|x64.ActiveCfg = Debug|x64
		{C7718332-DBA4-4DDB-B3C4-05FDDF5AEE68}.Debug|x64.Build.0 = Debug|x64
		{C7718332-DBA4-4DDB-B3C4-05FDDF5AEE68}.Debug|x86.ActiveCfg = Debug|Win32
		{C7718332-DBA4-4DDB-B3C4-05FDDF5AEE68}.Debug|x86.Build.0 = Debug|Win32
		{C7718332-DBA4-4DDB-B3C4-05FDDF5AEE68}.Release|x64.ActiveCfg = Release|x64
		{C7718332-DBA4-4DDB-B3C4-05FDDF5AEE68}.Release|x64.Build.0 = Release|x64
		{C7718332-DBA4-4DDB-B3C4-05FDDF5AEE68}.Release|x86.ActiveCfg = Release|Win32
		{C7718332-DBA4-4DDB-B3C4-05FDDF5AEE68}.Release|x86.Build.0 = Release|Win32
		{85F7F208-406A-4AE8-B691-14EB174B33C0}.Debug|x64.ActiveCfg = Debug|x64
		{85F7F208-406A-4AE8-B691-14EB174B33C0}.Debug|x64.Build.0 = Debug|x64
		{85F7F208-406A-4AE8-B691-14EB174B33C0}.Debug|x86.ActiveCfg = Debug|Win32
		{85F7F208-406A-4AE8-B691-14EB174B33C0}.Debug|x86.Build.0 = Debug|Win32
		{85F7F208-406A-4AE8-B691-14EB174B33C0}.Release|x64.ActiveCfg = Release|x64
		{85F7F208-406A-4AE8-B691-14EB174B33C0}.Release|x64.Build.0 = Release|x64
		{85F7F208-406A-4AE8-B691-14EB174B33C0}.Release|x86.ActiveCfg = Release|Win32
		{85F7F208-406A-4AE8-B691-14EB174B33C0}.Release|x86.Build.0 = Release|Win32
		{F91BAA0D-E6D6-4730-8B25-341E1C4FC4E3}.Debug|x64.ActiveCfg = Debug|x64
		{F91BAA0D-E6D6-4730-8B25-341E1C4FC4E3}.Debug|x64.Build.0 = Debug|x64
		{F91BAA0D-E6D6-4730-8B25-341E1C4FC4E3}.Debug|x86.ActiveCfg = Debug|Win32
		{F91BAA0D-E6D6-4730-8B25-341E1C4FC4E3}.Debug|x86.Build.0 = Debug|Win32
		{F91BAA0D-E6D6-4730-8B25-341E1C4FC4E3}.Release|x64.ActiveCfg = Release|x64
		{F91BAA0D-E6D6-4730-8B25-341E1C4FC4E3}.Release|x64.Build.0 = Release|x64
		{F91BAA0D-E6D6-4730-8B25-341E1C4FC4E3}.Release|x86.ActiveCfg = Release|Win32
		{F91BAA0D-E6D6-4730-8B25-341E1C4FC4E3}.Release|x86.Build.0 = Release|Win32
		{120166FF-247C-47B7-BFF4-6FDC073477F5}.Debug|x64.ActiveCfg = Debug|x64
		{120166FF-247C-47B7-BFF4-6FDC073477F5}.Debug|x64.Build.0 = Debug|x64
		{120166FF-247C-47B7-BFF4-6FDC073477F5}.Debug|x86.ActiveCfg = Debug|Win32
		{120166FF-247C-47B7-BFF4-6FDC073477F5}.Debug|x86.Build.0 = Debug|Win32
		{120166FF-247C-47B7-BFF4-6FDC073477F5}.Release|x64.ActiveCfg = Release|x64
		{120166FF-247C-47B7-BFF4-6FDC073477F5}.Release|x64.Build.0 = Release|x64
		{120166FF-247C-47B7-BFF4-6FDC073477F5}.Release|x86.ActiveCfg = Release|Win32
		{120166FF-247C-47B7-BFF4-6FDC073477F5}.Release|x86.Build.0 = Release|Win32
		{041C8180-3C72-4E78-9A2E-475296DC2F69}.Debug|x64.ActiveCfg = Debug|x64
		{041C8180-3C72-4E78-9A2E-475296DC2F69}.Debug|x64.Build.0 = Debug|x64
		{041C8180-3C72-4E78-9A2E-475296DC2F69}.Debug|x86.ActiveCfg = Debug|Win32
		{041C8180-3C72-4E78-9A2E-475296DC2F69}.Debug|x86.Build.0 = Debug|Win32
		{041C8180-3C72-4E78-9A2E-475296DC2F69}.Release|x64.ActiveCfg = Release|x64
		{041C8180-3C72-4E78-9A2E-475296DC2F69}.Release|x64.Build.0 = Release|x64
		{041C8180-3C72-4E78-9A2E-475296DC2F69}.Release|x86.ActiveCfg = Release|Win32
		{041C8180-3C72-4E78-9A2E-475296DC2F69}.Release|x86.Build.0 = Release|Win32
		{29009726-60CA-469B-9F07-964133EFAA41}.Debug|x64.ActiveCfg = Debug|x64
		{29009726-60CA-469B-9F07-964133EFAA41}.Debug|x64.Build.0 = Debug|x64
		{29009726-60CA-469B-9F07-964133EFAA41}.Debug|x86.ActiveCfg = Debug|Win32
		{29009726-60CA-469B-9F07-964133EFAA41}.Debug|x86.Build.0 = Debug|Win32
		{29009726-60CA-469B-9F07-964133EFAA41}.Release|x64.ActiveCfg = Release|x64
		{29009726-60CA-469B-9F07-964133EFAA41}.Release|x64.Build.0 = Release|x64
		{29009726-60CA-469B-9F07-964133EFAA41}.Release|x86.ActiveCfg = Release|Win32
		{29009726-60CA-469B-9F07-964133EFAA41}.Release|x86.Build.0 = Release|Win32
	EndGlobalSection
	GlobalSection(SolutionProperties) = preSolution
		HideSolutionNode = FALSE
	EndGlobalSection
	GlobalSection(ExtensibilityGlobals) = postSolution
		SolutionGuid = {2424662D-D890-4BD3-9F0D-8498C2B10E85}
	EndGlobalSection
EndGlobal
