<?xml version="1.0" encoding="utf-8"?>
<Project ToolsVersion="4.0" xmlns="http://schemas.microsoft.com/developer/msbuild/2003">
  <ItemGroup>
    <Filter Include="Source Files">
      <UniqueIdentifier>{4FC737F1-C7A5-4376-A066-2A32D752A2FF}</UniqueIdentifier>
      <Extensions>cpp;c;cc;cxx;def;odl;idl;hpj;bat;asm;asmx</Extensions>
    </Filter>
    <Filter Include="Header Files">
      <UniqueIdentifier>{93995380-89BD-4b04-88EB-625FBE52EBFB}</UniqueIdentifier>
      <Extensions>h;hh;hpp;hxx;hm;inl;inc;ipp;xsd</Extensions>
    </Filter>
    <Filter Include="Resource Files">
      <UniqueIdentifier>{67DA6AB6-F800-4c08-8B7A-83BB121AAD01}</UniqueIdentifier>
      <Extensions>rc;ico;cur;bmp;dlg;rc2;rct;bin;rgs;gif;jpg;jpeg;jpe;resx;tiff;tif;png;wav;mfcribbon-ms</Extensions>
    </Filter>
    <Filter Include="Header Files\models">
      <UniqueIdentifier>{0fbce2ca-7f4e-48de-9e6a-a02f641c4ee9}</UniqueIdentifier>
    </Filter>
    <Filter Include="Source Files\models">
      <UniqueIdentifier>{a6c5d4d5-2a12-47ba-a2d0-e0228f6cf022}</UniqueIdentifier>
    </Filter>
    <Filter Include="Header Files\camera">
      <UniqueIdentifier>{0ae21ffc-72e8-4ce5-a1dc-963cd0527f3a}</UniqueIdentifier>
    </Filter>
    <Filter Include="Source Files\camera">
      <UniqueIdentifier>{d8470b2b-a54a-4597-a333-a83ba0ce44e6}</UniqueIdentifier>
    </Filter>
    <Filter Include="Header Files\lighting">
      <UniqueIdentifier>{03d54900-e3f5-4615-90bd-993a8a9d4499}</UniqueIdentifier>
    </Filter>
    <Filter Include="Source Files\lighting">
      <UniqueIdentifier>{f99621ff-f6d4-481e-9d52-2f9a8edd26ae}</UniqueIdentifier>
    </Filter>
    <Filter Include="Source Files\objects">
      <UniqueIdentifier>{301806e6-71f4-43ce-8ae7-ad0dd4344e71}</UniqueIdentifier>
    </Filter>
    <Filter Include="Header Files\objects">
      <UniqueIdentifier>{18dc304c-b1ff-4170-8d29-d52402804d89}</UniqueIdentifier>
    </Filter>
    <Filter Include="Header Files\base">
      <UniqueIdentifier>{2e59b1b8-2f8a-4581-8cf4-4f34b1454465}</UniqueIdentifier>
    </Filter>
    <Filter Include="Source Files\base">
      <UniqueIdentifier>{2f1815cf-4aa2-475a-a898-898e305c7e91}</UniqueIdentifier>
    </Filter>
    <Filter Include="Source Files\materials">
      <UniqueIdentifier>{91f1e079-631c-4716-a3e2-f34c4ff760ff}</UniqueIdentifier>
    </Filter>
    <Filter Include="Header Files\materials">
      <UniqueIdentifier>{a721863b-0f54-49f7-bf50-dca1501b2f2d}</UniqueIdentifier>
    </Filter>
    <Filter Include="Header Files\textures">
      <UniqueIdentifier>{bf94da23-a2e3-4843-be0a-484ef6e4fe01}</UniqueIdentifier>
    </Filter>
    <Filter Include="Source Files\textures">
      <UniqueIdentifier>{82a0279b-1927-439b-8e02-2fb430037570}</UniqueIdentifier>
    </Filter>
  </ItemGroup>
  <ItemGroup>
    <ClCompile Include="main.cpp">
      <Filter>Source Files</Filter>
    </ClCompile>
    <ClCompile Include="..\libraries\Glad\glad.c">
      <Filter>Source Files</Filter>
    </ClCompile>
    <ClCompile Include="ShaderSupport.cpp">
      <Filter>Source Files</Filter>
    </ClCompile>
    <ClCompile Include="SDLsupport.cpp">
      <Filter>Source Files</Filter>
    </ClCompile>
    <ClCompile Include="MainLoop.cpp">
      <Filter>Source Files</Filter>
    </ClCompile>
    <ClCompile Include="FPSCounter.cpp">
      <Filter>Source Files</Filter>
    </ClCompile>
    <ClCompile Include="CubeModel.cpp">
      <Filter>Source Files\models</Filter>
    </ClCompile>
    <ClCompile Include="LightModel.cpp">
      <Filter>Source Files\models</Filter>
    </ClCompile>
    <ClCompile Include="BaseModel.cpp">
      <Filter>Source Files\models</Filter>
    </ClCompile>
    <ClCompile Include="BaseCamera.cpp">
      <Filter>Source Files\camera</Filter>
    </ClCompile>
    <ClCompile Include="FlyCamera.cpp">
      <Filter>Source Files\camera</Filter>
    </ClCompile>
    <ClCompile Include="SimCamera.cpp">
      <Filter>Source Files\camera</Filter>
    </ClCompile>
    <ClCompile Include="AmbientLight.cpp">
      <Filter>Source Files\lighting</Filter>
    </ClCompile>
    <ClCompile Include="LightsWrapper.cpp">
      <Filter>Source Files\lighting</Filter>
    </ClCompile>
    <ClCompile Include="RenderableObject.cpp">
      <Filter>Source Files\objects</Filter>
    </ClCompile>
    <ClCompile Include="LightObject.cpp">
      <Filter>Source Files\objects</Filter>
    </ClCompile>
    <ClCompile Include="BaseLight.cpp">
      <Filter>Source Files\lighting</Filter>
    </ClCompile>
    <ClCompile Include="Transformable.cpp">
      <Filter>Source Files\base</Filter>
    </ClCompile>
    <ClCompile Include="Positionable.cpp">
      <Filter>Source Files\base</Filter>
    </ClCompile>
    <ClCompile Include="Colorable.cpp">
      <Filter>Source Files\base</Filter>
    </ClCompile>
    <ClCompile Include="SpotLight.cpp">
      <Filter>Source Files\lighting</Filter>
    </ClCompile>
    <ClCompile Include="ComposeRenderable.cpp">
      <Filter>Source Files\base</Filter>
    </ClCompile>
    <ClCompile Include="MaterialRenderable.cpp">
      <Filter>Source Files\materials</Filter>
    </ClCompile>
    <ClCompile Include="Material.cpp">
      <Filter>Source Files\materials</Filter>
    </ClCompile>
    <ClCompile Include="Materials.cpp">
      <Filter>Source Files\materials</Filter>
    </ClCompile>
    <ClCompile Include="Texture.cpp">
      <Filter>Source Files\textures</Filter>
    </ClCompile>
    <ClCompile Include="TextureRenderable.cpp">
      <Filter>Source Files\textures</Filter>
    </ClCompile>
  </ItemGroup>
  <ItemGroup>
    <None Include="object.frag">
      <Filter>Resource Files</Filter>
    </None>
    <None Include="object.vert">
      <Filter>Resource Files</Filter>
    </None>
    <None Include="light.frag">
      <Filter>Resource Files</Filter>
    </None>
    <None Include="light.vert">
      <Filter>Resource Files</Filter>
    </None>
  </ItemGroup>
  <ItemGroup>
    <ClInclude Include="ShadersSupport.h">
      <Filter>Header Files</Filter>
    </ClInclude>
    <ClInclude Include="RAII.h">
      <Filter>Header Files</Filter>
    </ClInclude>
    <ClInclude Include="SDLsupport.h">
      <Filter>Header Files</Filter>
    </ClInclude>
    <ClInclude Include="MainLoop.h">
      <Filter>Header Files</Filter>
    </ClInclude>
    <ClInclude Include="LightModel.h">
      <Filter>Header Files\models</Filter>
    </ClInclude>
    <ClInclude Include="CubeModel.h">
      <Filter>Header Files\models</Filter>
    </ClInclude>
    <ClInclude Include="BaseModel.h">
      <Filter>Header Files\models</Filter>
    </ClInclude>
    <ClInclude Include="FlyCamera.h">
      <Filter>Header Files\camera</Filter>
    </ClInclude>
    <ClInclude Include="BaseCamera.h">
      <Filter>Header Files\camera</Filter>
    </ClInclude>
    <ClInclude Include="FPSCounter.h">
      <Filter>Header Files</Filter>
    </ClInclude>
    <ClInclude Include="SimCamera.h">
      <Filter>Header Files\camera</Filter>
    </ClInclude>
    <ClInclude Include="AmbientLight.h">
      <Filter>Header Files\lighting</Filter>
    </ClInclude>
    <ClInclude Include="LightsWrapper.h">
      <Filter>Header Files\lighting</Filter>
    </ClInclude>
    <ClInclude Include="RenderableObject.h">
      <Filter>Header Files\objects</Filter>
    </ClInclude>
    <ClInclude Include="LightObject.h">
      <Filter>Header Files\objects</Filter>
    </ClInclude>
    <ClInclude Include="BaseLight.h">
      <Filter>Header Files\lighting</Filter>
    </ClInclude>
    <ClInclude Include="Renderable.h">
      <Filter>Header Files\base</Filter>
    </ClInclude>
    <ClInclude Include="Transformable.h">
      <Filter>Header Files\base</Filter>
    </ClInclude>
    <ClInclude Include="Positionable.h">
      <Filter>Header Files\base</Filter>
    </ClInclude>
    <ClInclude Include="Colorable.h">
      <Filter>Header Files\base</Filter>
    </ClInclude>
    <ClInclude Include="SpotLight.h">
      <Filter>Header Files\lighting</Filter>
    </ClInclude>
    <ClInclude Include="ComposeRenderable.h">
      <Filter>Header Files\base</Filter>
    </ClInclude>
    <ClInclude Include="MaterialRenderable.h">
      <Filter>Header Files\materials</Filter>
    </ClInclude>
    <ClInclude Include="Materials.h">
      <Filter>Header Files\materials</Filter>
    </ClInclude>
    <ClInclude Include="Material.h">
      <Filter>Header Files\materials</Filter>
    </ClInclude>
    <ClInclude Include="TextureSlots.h">
      <Filter>Header Files\textures</Filter>
    </ClInclude>
    <ClInclude Include="Texture.h">
      <Filter>Header Files\textures</Filter>
    </ClInclude>
    <ClInclude Include="TextureRenderable.h">
      <Filter>Header Files\textures</Filter>
    </ClInclude>
  </ItemGroup>
  <ItemGroup>
    <Image Include="container.png">
      <Filter>Resource Files</Filter>
    </Image>
    <Image Include="container_specular.png">
      <Filter>Resource Files</Filter>
    </Image>
  </ItemGroup>
</Project>